
Microsoft Visual Studio Solution File, Format Version 12.00
# Visual Studio 14
VisualStudioVersion = 14.0.25420.1
MinimumVisualStudioVersion = 10.0.40219.1
Project("{FAE04EC0-301F-11D3-BF4B-00C04F79EFBC}") = "ClockTombola", "ClockTombola\ClockTombola.csproj", "{EFEF9B60-5A89-4F7A-B8F0-17EAE8C54EA4}"
EndProject
Project("{FAE04EC0-301F-11D3-BF4B-00C04F79EFBC}") = "Cartellone", "Tombola\Cartellone.csproj", "{214A6ED1-C0C3-47D3-8D35-1832E096333A}"
EndProject
Project("{FAE04EC0-301F-11D3-BF4B-00C04F79EFBC}") = "TestEstraiNumero", "TestEstraiNumero\TestEstraiNumero.csproj", "{DB15F804-96BF-4B03-B0AA-857F0C33FFBF}"
EndProject
Project("{FAE04EC0-301F-11D3-BF4B-00C04F79EFBC}") = "Cartellina", "Cartellina\Cartellina.csproj", "{20FDD545-6F58-4FA9-8A27-5087F92D172C}"
EndProject
Project("{FAE04EC0-301F-11D3-BF4B-00C04F79EFBC}") = "UtilTombola", "UtilTombola\UtilTombola.csproj", "{F8529BD6-0310-445A-B812-7635CE5BA480}"
EndProject
Global
	GlobalSection(SolutionConfigurationPlatforms) = preSolution
		Debug|Any CPU = Debug|Any CPU
		Release|Any CPU = Release|Any CPU
	EndGlobalSection
	GlobalSection(ProjectConfigurationPlatforms) = postSolution
		{EFEF9B60-5A89-4F7A-B8F0-17EAE8C54EA4}.Debug|Any CPU.ActiveCfg = Debug|Any CPU
		{EFEF9B60-5A89-4F7A-B8F0-17EAE8C54EA4}.Debug|Any CPU.Build.0 = Debug|Any CPU
		{EFEF9B60-5A89-4F7A-B8F0-17EAE8C54EA4}.Release|Any CPU.ActiveCfg = Release|Any CPU
		{EFEF9B60-5A89-4F7A-B8F0-17EAE8C54EA4}.Release|Any CPU.Build.0 = Release|Any CPU
		{214A6ED1-C0C3-47D3-8D35-1832E096333A}.Debug|Any CPU.ActiveCfg = Debug|Any CPU
		{214A6ED1-C0C3-47D3-8D35-1832E096333A}.Debug|Any CPU.Build.0 = Debug|Any CPU
		{214A6ED1-C0C3-47D3-8D35-1832E096333A}.Release|Any CPU.ActiveCfg = Release|Any CPU
		{214A6ED1-C0C3-47D3-8D35-1832E096333A}.Release|Any CPU.Build.0 = Release|Any CPU
		{DB15F804-96BF-4B03-B0AA-857F0C33FFBF}.Debug|Any CPU.ActiveCfg = Debug|Any CPU
		{DB15F804-96BF-4B03-B0AA-857F0C33FFBF}.Debug|Any CPU.Build.0 = Debug|Any CPU
		{DB15F804-96BF-4B03-B0AA-857F0C33FFBF}.Release|Any CPU.ActiveCfg = Release|Any CPU
		{DB15F804-96BF-4B03-B0AA-857F0C33FFBF}.Release|Any CPU.Build.0 = Release|Any CPU
		{20FDD545-6F58-4FA9-8A27-5087F92D172C}.Debug|Any CPU.ActiveCfg = Debug|Any CPU
		{20FDD545-6F58-4FA9-8A27-5087F92D172C}.Debug|Any CPU.Build.0 = Debug|Any CPU
		{20FDD545-6F58-4FA9-8A27-5087F92D172C}.Release|Any CPU.ActiveCfg = Release|Any CPU
		{20FDD545-6F58-4FA9-8A27-5087F92D172C}.Release|Any CPU.Build.0 = Release|Any CPU
		{F8529BD6-0310-445A-B812-7635CE5BA480}.Debug|Any CPU.ActiveCfg = Debug|Any CPU
		{F8529BD6-0310-445A-B812-7635CE5BA480}.Debug|Any CPU.Build.0 = Debug|Any CPU
		{F8529BD6-0310-445A-B812-7635CE5BA480}.Release|Any CPU.ActiveCfg = Release|Any CPU
		{F8529BD6-0310-445A-B812-7635CE5BA480}.Release|Any CPU.Build.0 = Release|Any CPU
	EndGlobalSection
	GlobalSection(SolutionProperties) = preSolution
		HideSolutionNode = FALSE
	EndGlobalSection
EndGlobal
